// !$*UTF8*$!
{
	archiveVersion = 1;
	classes = {
	};
	objectVersion = 55;
	objects = {

/* Begin PBXBuildFile section */
		992F92EA2707543A0017E238 /* AppDelegate.swift in Sources */ = {isa = PBXBuildFile; fileRef = 992F92E92707543A0017E238 /* AppDelegate.swift */; };
		992F92EC2707543A0017E238 /* SceneDelegate.swift in Sources */ = {isa = PBXBuildFile; fileRef = 992F92EB2707543A0017E238 /* SceneDelegate.swift */; };
		992F92EE2707543A0017E238 /* firstViewController.swift in Sources */ = {isa = PBXBuildFile; fileRef = 992F92ED2707543A0017E238 /* firstViewController.swift */; };
		992F92F12707543A0017E238 /* Main.storyboard in Resources */ = {isa = PBXBuildFile; fileRef = 992F92EF2707543A0017E238 /* Main.storyboard */; };
		992F92F32707543C0017E238 /* Assets.xcassets in Resources */ = {isa = PBXBuildFile; fileRef = 992F92F22707543C0017E238 /* Assets.xcassets */; };
		992F92F62707543C0017E238 /* LaunchScreen.storyboard in Resources */ = {isa = PBXBuildFile; fileRef = 992F92F42707543C0017E238 /* LaunchScreen.storyboard */; };
		992F9302270754E10017E238 /* secondViewController.swift in Sources */ = {isa = PBXBuildFile; fileRef = 992F9301270754E10017E238 /* secondViewController.swift */; };
		992F9305270754F90017E238 /* Data.swift in Sources */ = {isa = PBXBuildFile; fileRef = 992F9304270754F90017E238 /* Data.swift */; };
		992F9307270755050017E238 /* DataList.swift in Sources */ = {isa = PBXBuildFile; fileRef = 992F9306270755050017E238 /* DataList.swift */; };
		992F930A2707552B0017E238 /* DataTableViewCell.swift in Sources */ = {isa = PBXBuildFile; fileRef = 992F93082707552B0017E238 /* DataTableViewCell.swift */; };
		992F930B2707552B0017E238 /* DataTableViewCell.xib in Resources */ = {isa = PBXBuildFile; fileRef = 992F93092707552B0017E238 /* DataTableViewCell.xib */; };
/* End PBXBuildFile section */

/* Begin PBXFileReference section */
		992F92E62707543A0017E238 /* DataSave.app */ = {isa = PBXFileReference; explicitFileType = wrapper.application; includeInIndex = 0; path = DataSave.app; sourceTree = BUILT_PRODUCTS_DIR; };
		992F92E92707543A0017E238 /* AppDelegate.swift */ = {isa = PBXFileReference; lastKnownFileType = sourcecode.swift; path = AppDelegate.swift; sourceTree = "<group>"; };
		992F92EB2707543A0017E238 /* SceneDelegate.swift */ = {isa = PBXFileReference; lastKnownFileType = sourcecode.swift; path = SceneDelegate.swift; sourceTree = "<group>"; };
		992F92ED2707543A0017E238 /* firstViewController.swift */ = {isa = PBXFileReference; lastKnownFileType = sourcecode.swift; path = firstViewController.swift; sourceTree = "<group>"; };
		992F92F02707543A0017E238 /* Base */ = {isa = PBXFileReference; lastKnownFileType = file.storyboard; name = Base; path = Base.lproj/Main.storyboard; sourceTree = "<group>"; };
		992F92F22707543C0017E238 /* Assets.xcassets */ = {isa = PBXFileReference; lastKnownFileType = folder.assetcatalog; path = Assets.xcassets; sourceTree = "<group>"; };
		992F92F52707543C0017E238 /* Base */ = {isa = PBXFileReference; lastKnownFileType = file.storyboard; name = Base; path = Base.lproj/LaunchScreen.storyboard; sourceTree = "<group>"; };
		992F92F72707543C0017E238 /* Info.plist */ = {isa = PBXFileReference; lastKnownFileType = text.plist.xml; path = Info.plist; sourceTree = "<group>"; };
		992F9301270754E10017E238 /* secondViewController.swift */ = {isa = PBXFileReference; lastKnownFileType = sourcecode.swift; path = secondViewController.swift; sourceTree = "<group>"; };
		992F9304270754F90017E238 /* Data.swift */ = {isa = PBXFileReference; lastKnownFileType = sourcecode.swift; path = Data.swift; sourceTree = "<group>"; };
		992F9306270755050017E238 /* DataList.swift */ = {isa = PBXFileReference; lastKnownFileType = sourcecode.swift; path = DataList.swift; sourceTree = "<group>"; };
		992F93082707552B0017E238 /* DataTableViewCell.swift */ = {isa = PBXFileReference; lastKnownFileType = sourcecode.swift; path = DataTableViewCell.swift; sourceTree = "<group>"; };
		992F93092707552B0017E238 /* DataTableViewCell.xib */ = {isa = PBXFileReference; lastKnownFileType = file.xib; path = DataTableViewCell.xib; sourceTree = "<group>"; };
/* End PBXFileReference section */

/* Begin PBXFrameworksBuildPhase section */
		992F92E32707543A0017E238 /* Frameworks */ = {
			isa = PBXFrameworksBuildPhase;
			buildActionMask = 2147483647;
			files = (
			);
			runOnlyForDeploymentPostprocessing = 0;
		};
/* End PBXFrameworksBuildPhase section */

/* Begin PBXGroup section */
		992F92DD2707543A0017E238 = {
			isa = PBXGroup;
			children = (
				992F92E82707543A0017E238 /* DataSave */,
				992F92E72707543A0017E238 /* Products */,
			);
			sourceTree = "<group>";
		};
		992F92E72707543A0017E238 /* Products */ = {
			isa = PBXGroup;
			children = (
				992F92E62707543A0017E238 /* DataSave.app */,
			);
			name = Products;
			sourceTree = "<group>";
		};
		992F92E82707543A0017E238 /* DataSave */ = {
			isa = PBXGroup;
			children = (
				992F9303270754EA0017E238 /* Model */,
				992F92FD270754990017E238 /* App */,
				992F92FE270754A10017E238 /* Controller */,
				992F92FF270754AA0017E238 /* View */,
				992F9300270754B20017E238 /* Asset */,
			);
			path = DataSave;
			sourceTree = "<group>";
		};
		992F92FD270754990017E238 /* App */ = {
			isa = PBXGroup;
			children = (
				992F92E92707543A0017E238 /* AppDelegate.swift */,
				992F92EB2707543A0017E238 /* SceneDelegate.swift */,
			);
			path = App;
			sourceTree = "<group>";
		};
		992F92FE270754A10017E238 /* Controller */ = {
			isa = PBXGroup;
			children = (
				992F92ED2707543A0017E238 /* firstViewController.swift */,
				992F9301270754E10017E238 /* secondViewController.swift */,
			);
			path = Controller;
			sourceTree = "<group>";
		};
		992F92FF270754AA0017E238 /* View */ = {
			isa = PBXGroup;
			children = (
				992F92EF2707543A0017E238 /* Main.storyboard */,
				992F92F42707543C0017E238 /* LaunchScreen.storyboard */,
				992F93082707552B0017E238 /* DataTableViewCell.swift */,
				992F93092707552B0017E238 /* DataTableViewCell.xib */,
			);
			path = View;
			sourceTree = "<group>";
		};
		992F9300270754B20017E238 /* Asset */ = {
			isa = PBXGroup;
			children = (
				992F92F22707543C0017E238 /* Assets.xcassets */,
				992F92F72707543C0017E238 /* Info.plist */,
			);
			path = Asset;
			sourceTree = "<group>";
		};
		992F9303270754EA0017E238 /* Model */ = {
			isa = PBXGroup;
			children = (
				992F9304270754F90017E238 /* Data.swift */,
				992F9306270755050017E238 /* DataList.swift */,
			);
			path = Model;
			sourceTree = "<group>";
		};
/* End PBXGroup section */

/* Begin PBXNativeTarget section */
		992F92E52707543A0017E238 /* DataSave */ = {
			isa = PBXNativeTarget;
			buildConfigurationList = 992F92FA2707543C0017E238 /* Build configuration list for PBXNativeTarget "DataSave" */;
			buildPhases = (
				992F92E22707543A0017E238 /* Sources */,
				992F92E32707543A0017E238 /* Frameworks */,
				992F92E42707543A0017E238 /* Resources */,
			);
			buildRules = (
			);
			dependencies = (
			);
			name = DataSave;
			productName = DataSave;
			productReference = 992F92E62707543A0017E238 /* DataSave.app */;
			productType = "com.apple.product-type.application";
		};
/* End PBXNativeTarget section */

/* Begin PBXProject section */
		992F92DE2707543A0017E238 /* Project object */ = {
			isa = PBXProject;
			attributes = {
				BuildIndependentTargetsInParallel = 1;
				LastSwiftUpdateCheck = 1300;
				LastUpgradeCheck = 1300;
				TargetAttributes = {
					992F92E52707543A0017E238 = {
						CreatedOnToolsVersion = 13.0;
					};
				};
			};
			buildConfigurationList = 992F92E12707543A0017E238 /* Build configuration list for PBXProject "DataSave" */;
			compatibilityVersion = "Xcode 13.0";
			developmentRegion = en;
			hasScannedForEncodings = 0;
			knownRegions = (
				en,
				Base,
			);
			mainGroup = 992F92DD2707543A0017E238;
			productRefGroup = 992F92E72707543A0017E238 /* Products */;
			projectDirPath = "";
			projectRoot = "";
			targets = (
				992F92E52707543A0017E238 /* DataSave */,
			);
		};
/* End PBXProject section */

/* Begin PBXResourcesBuildPhase section */
		992F92E42707543A0017E238 /* Resources */ = {
			isa = PBXResourcesBuildPhase;
			buildActionMask = 2147483647;
			files = (
				992F92F62707543C0017E238 /* LaunchScreen.storyboard in Resources */,
				992F92F32707543C0017E238 /* Assets.xcassets in Resources */,
				992F92F12707543A0017E238 /* Main.storyboard in Resources */,
				992F930B2707552B0017E238 /* DataTableViewCell.xib in Resources */,
			);
			runOnlyForDeploymentPostprocessing = 0;
		};
/* End PBXResourcesBuildPhase section */

/* Begin PBXSourcesBuildPhase section */
		992F92E22707543A0017E238 /* Sources */ = {
			isa = PBXSourcesBuildPhase;
			buildActionMask = 2147483647;
			files = (
				992F9302270754E10017E238 /* secondViewController.swift in Sources */,
				992F9305270754F90017E238 /* Data.swift in Sources */,
				992F92EE2707543A0017E238 /* firstViewController.swift in Sources */,
				992F9307270755050017E238 /* DataList.swift in Sources */,
				992F92EA2707543A0017E238 /* AppDelegate.swift in Sources */,
				992F930A2707552B0017E238 /* DataTableViewCell.swift in Sources */,
				992F92EC2707543A0017E238 /* SceneDelegate.swift in Sources */,
			);
			runOnlyForDeploymentPostprocessing = 0;
		};
/* End PBXSourcesBuildPhase section */

/* Begin PBXVariantGroup section */
		992F92EF2707543A0017E238 /* Main.storyboard */ = {
			isa = PBXVariantGroup;
			children = (
				992F92F02707543A0017E238 /* Base */,
			);
			name = Main.storyboard;
			sourceTree = "<group>";
		};
		992F92F42707543C0017E238 /* LaunchScreen.storyboard */ = {
			isa = PBXVariantGroup;
			children = (
				992F92F52707543C0017E238 /* Base */,
			);
			name = LaunchScreen.storyboard;
			sourceTree = "<group>";
		};
/* End PBXVariantGroup section */

/* Begin XCBuildConfiguration section */
		992F92F82707543C0017E238 /* Debug */ = {
			isa = XCBuildConfiguration;
			buildSettings = {
				ALWAYS_SEARCH_USER_PATHS = NO;
				CLANG_ANALYZER_NONNULL = YES;
				CLANG_ANALYZER_NUMBER_OBJECT_CONVERSION = YES_AGGRESSIVE;
				CLANG_CXX_LANGUAGE_STANDARD = "gnu++17";
				CLANG_CXX_LIBRARY = "libc++";
				CLANG_ENABLE_MODULES = YES;
				CLANG_ENABLE_OBJC_ARC = YES;
				CLANG_ENABLE_OBJC_WEAK = YES;
				CLANG_WARN_BLOCK_CAPTURE_AUTORELEASING = YES;
				CLANG_WARN_BOOL_CONVERSION = YES;
				CLANG_WARN_COMMA = YES;
				CLANG_WARN_CONSTANT_CONVERSION = YES;
				CLANG_WARN_DEPRECATED_OBJC_IMPLEMENTATIONS = YES;
				CLANG_WARN_DIRECT_OBJC_ISA_USAGE = YES_ERROR;
				CLANG_WARN_DOCUMENTATION_COMMENTS = YES;
				CLANG_WARN_EMPTY_BODY = YES;
				CLANG_WARN_ENUM_CONVERSION = YES;
				CLANG_WARN_INFINITE_RECURSION = YES;
				CLANG_WARN_INT_CONVERSION = YES;
				CLANG_WARN_NON_LITERAL_NULL_CONVERSION = YES;
				CLANG_WARN_OBJC_IMPLICIT_RETAIN_SELF = YES;
				CLANG_WARN_OBJC_LITERAL_CONVERSION = YES;
				CLANG_WARN_OBJC_ROOT_CLASS = YES_ERROR;
				CLANG_WARN_QUOTED_INCLUDE_IN_FRAMEWORK_HEADER = YES;
				CLANG_WARN_RANGE_LOOP_ANALYSIS = YES;
				CLANG_WARN_STRICT_PROTOTYPES = YES;
				CLANG_WARN_SUSPICIOUS_MOVE = YES;
				CLANG_WARN_UNGUARDED_AVAILABILITY = YES_AGGRESSIVE;
				CLANG_WARN_UNREACHABLE_CODE = YES;
				CLANG_WARN__DUPLICATE_METHOD_MATCH = YES;
				COPY_PHASE_STRIP = NO;
				DEBUG_INFORMATION_FORMAT = dwarf;
				ENABLE_STRICT_OBJC_MSGSEND = YES;
				ENABLE_TESTABILITY = YES;
				GCC_C_LANGUAGE_STANDARD = gnu11;
				GCC_DYNAMIC_NO_PIC = NO;
				GCC_NO_COMMON_BLOCKS = YES;
				GCC_OPTIMIZATION_LEVEL = 0;
				GCC_PREPROCESSOR_DEFINITIONS = (
					"DEBUG=1",
					"$(inherited)",
				);
				GCC_WARN_64_TO_32_BIT_CONVERSION = YES;
				GCC_WARN_ABOUT_RETURN_TYPE = YES_ERROR;
				GCC_WARN_UNDECLARED_SELECTOR = YES;
				GCC_WARN_UNINITIALIZED_AUTOS = YES_AGGRESSIVE;
				GCC_WARN_UNUSED_FUNCTION = YES;
				GCC_WARN_UNUSED_VARIABLE = YES;
				IPHONEOS_DEPLOYMENT_TARGET = 15.0;
				MTL_ENABLE_DEBUG_INFO = INCLUDE_SOURCE;
				MTL_FAST_MATH = YES;
				ONLY_ACTIVE_ARCH = YES;
				SDKROOT = iphoneos;
				SWIFT_ACTIVE_COMPILATION_CONDITIONS = DEBUG;
				SWIFT_OPTIMIZATION_LEVEL = "-Onone";
			};
			name = Debug;
		};
		992F92F92707543C0017E238 /* Release */ = {
			isa = XCBuildConfiguration;
			buildSettings = {
				ALWAYS_SEARCH_USER_PATHS = NO;
				CLANG_ANALYZER_NONNULL = YES;
				CLANG_ANALYZER_NUMBER_OBJECT_CONVERSION = YES_AGGRESSIVE;
				CLANG_CXX_LANGUAGE_STANDARD = "gnu++17";
				CLANG_CXX_LIBRARY = "libc++";
				CLANG_ENABLE_MODULES = YES;
				CLANG_ENABLE_OBJC_ARC = YES;
				CLANG_ENABLE_OBJC_WEAK = YES;
				CLANG_WARN_BLOCK_CAPTURE_AUTORELEASING = YES;
				CLANG_WARN_BOOL_CONVERSION = YES;
				CLANG_WARN_COMMA = YES;
				CLANG_WARN_CONSTANT_CONVERSION = YES;
				CLANG_WARN_DEPRECATED_OBJC_IMPLEMENTATIONS = YES;
				CLANG_WARN_DIRECT_OBJC_ISA_USAGE = YES_ERROR;
				CLANG_WARN_DOCUMENTATION_COMMENTS = YES;
				CLANG_WARN_EMPTY_BODY = YES;
				CLANG_WARN_ENUM_CONVERSION = YES;
				CLANG_WARN_INFINITE_RECURSION = YES;
				CLANG_WARN_INT_CONVERSION = YES;
				CLANG_WARN_NON_LITERAL_NULL_CONVERSION = YES;
				CLANG_WARN_OBJC_IMPLICIT_RETAIN_SELF = YES;
				CLANG_WARN_OBJC_LITERAL_CONVERSION = YES;
				CLANG_WARN_OBJC_ROOT_CLASS = YES_ERROR;
				CLANG_WARN_QUOTED_INCLUDE_IN_FRAMEWORK_HEADER = YES;
				CLANG_WARN_RANGE_LOOP_ANALYSIS = YES;
				CLANG_WARN_STRICT_PROTOTYPES = YES;
				CLANG_WARN_SUSPICIOUS_MOVE = YES;
				CLANG_WARN_UNGUARDED_AVAILABILITY = YES_AGGRESSIVE;
				CLANG_WARN_UNREACHABLE_CODE = YES;
				CLANG_WARN__DUPLICATE_METHOD_MATCH = YES;
				COPY_PHASE_STRIP = NO;
				DEBUG_INFORMATION_FORMAT = "dwarf-with-dsym";
				ENABLE_NS_ASSERTIONS = NO;
				ENABLE_STRICT_OBJC_MSGSEND = YES;
				GCC_C_LANGUAGE_STANDARD = gnu11;
				GCC_NO_COMMON_BLOCKS = YES;
				GCC_WARN_64_TO_32_BIT_CONVERSION = YES;
				GCC_WARN_ABOUT_RETURN_TYPE = YES_ERROR;
				GCC_WARN_UNDECLARED_SELECTOR = YES;
				GCC_WARN_UNINITIALIZED_AUTOS = YES_AGGRESSIVE;
				GCC_WARN_UNUSED_FUNCTION = YES;
				GCC_WARN_UNUSED_VARIABLE = YES;
				IPHONEOS_DEPLOYMENT_TARGET = 15.0;
				MTL_ENABLE_DEBUG_INFO = NO;
				MTL_FAST_MATH = YES;
				SDKROOT = iphoneos;
				SWIFT_COMPILATION_MODE = wholemodule;
				SWIFT_OPTIMIZATION_LEVEL = "-O";
				VALIDATE_PRODUCT = YES;
			};
			name = Release;
		};
		992F92FB2707543C0017E238 /* Debug */ = {
			isa = XCBuildConfiguration;
			buildSettings = {
				ASSETCATALOG_COMPILER_APPICON_NAME = AppIcon;
				ASSETCATALOG_COMPILER_GLOBAL_ACCENT_COLOR_NAME = AccentColor;
				CODE_SIGN_STYLE = Automatic;
				CURRENT_PROJECT_VERSION = 1;
				DEVELOPMENT_TEAM = JXFMRW69P3;
				GENERATE_INFOPLIST_FILE = YES;
				INFOPLIST_FILE = DataSave/Asset/Info.plist;
				INFOPLIST_KEY_UIApplicationSupportsIndirectInputEvents = YES;
				INFOPLIST_KEY_UILaunchStoryboardName = LaunchScreen;
				INFOPLIST_KEY_UIMainStoryboardFile = Main;
				INFOPLIST_KEY_UISupportedInterfaceOrientations_iPad = "UIInterfaceOrientationPortrait UIInterfaceOrientationPortraitUpsideDown UIInterfaceOrientationLandscapeLeft UIInterfaceOrientationLandscapeRight";
				INFOPLIST_KEY_UISupportedInterfaceOrientations_iPhone = "UIInterfaceOrientationPortrait UIInterfaceOrientationLandscapeLeft UIInterfaceOrientationLandscapeRight";
				LD_RUNPATH_SEARCH_PATHS = (
					"$(inherited)",
					"@executable_path/Frameworks",
				);
				MARKETING_VERSION = 1.0;
				PRODUCT_BUNDLE_IDENTIFIER = iOSoo.DataSave;
				PRODUCT_NAME = "$(TARGET_NAME)";
				SWIFT_EMIT_LOC_STRINGS = YES;
				SWIFT_VERSION = 5.0;
				TARGETED_DEVICE_FAMILY = "1,2";
			};
			name = Debug;
		};
		992F92FC2707543C0017E238 /* Release */ = {
			isa = XCBuildConfiguration;
			buildSettings = {
				ASSETCATALOG_COMPILER_APPICON_NAME = AppIcon;
				ASSETCATALOG_COMPILER_GLOBAL_ACCENT_COLOR_NAME = AccentColor;
				CODE_SIGN_STYLE = Automatic;
				CURRENT_PROJECT_VERSION = 1;
				DEVELOPMENT_TEAM = JXFMRW69P3;
				GENERATE_INFOPLIST_FILE = YES;
				INFOPLIST_FILE = DataSave/Asset/Info.plist;
				INFOPLIST_KEY_UIApplicationSupportsIndirectInputEvents = YES;
				INFOPLIST_KEY_UILaunchStoryboardName = LaunchScreen;
				INFOPLIST_KEY_UIMainStoryboardFile = Main;
				INFOPLIST_KEY_UISupportedInterfaceOrientations_iPad = "UIInterfaceOrientationPortrait UIInterfaceOrientationPortraitUpsideDown UIInterfaceOrientationLandscapeLeft UIInterfaceOrientationLandscapeRight";
				INFOPLIST_KEY_UISupportedInterfaceOrientations_iPhone = "UIInterfaceOrientationPortrait UIInterfaceOrientationLandscapeLeft UIInterfaceOrientationLandscapeRight";
				LD_RUNPATH_SEARCH_PATHS = (
					"$(inherited)",
					"@executable_path/Frameworks",
				);
				MARKETING_VERSION = 1.0;
				PRODUCT_BUNDLE_IDENTIFIER = iOSoo.DataSave;
				PRODUCT_NAME = "$(TARGET_NAME)";
				SWIFT_EMIT_LOC_STRINGS = YES;
				SWIFT_VERSION = 5.0;
				TARGETED_DEVICE_FAMILY = "1,2";
			};
			name = Release;
		};
/* End XCBuildConfiguration section */

/* Begin XCConfigurationList section */
		992F92E12707543A0017E238 /* Build configuration list for PBXProject "DataSave" */ = {
			isa = XCConfigurationList;
			buildConfigurations = (
				992F92F82707543C0017E238 /* Debug */,
				992F92F92707543C0017E238 /* Release */,
			);
			defaultConfigurationIsVisible = 0;
			defaultConfigurationName = Release;
		};
		992F92FA2707543C0017E238 /* Build configuration list for PBXNativeTarget "DataSave" */ = {
			isa = XCConfigurationList;
			buildConfigurations = (
				992F92FB2707543C0017E238 /* Debug */,
				992F92FC2707543C0017E238 /* Release */,
			);
			defaultConfigurationIsVisible = 0;
			defaultConfigurationName = Release;
		};
/* End XCConfigurationList section */
	};
	rootObject = 992F92DE2707543A0017E238 /* Project object */;
}
